// !$*UTF8*$!
{
	archiveVersion = 1;
	classes = {
	};
	objectVersion = 77;
	objects = {

/* Begin PBXBuildFile section */
		0654B3E62E696F8600E9B000 /* FirebaseFirestore in Frameworks */ = {isa = PBXBuildFile; productRef = 0654B3E52E696F8600E9B000 /* FirebaseFirestore */; };
		069EBF442E66A7ED00EA7278 /* FirebaseAnalytics in Frameworks */ = {isa = PBXBuildFile; productRef = 069EBF432E66A7ED00EA7278 /* FirebaseAnalytics */; };
		069EBF462E66A7ED00EA7278 /* FirebaseAuth in Frameworks */ = {isa = PBXBuildFile; productRef = 069EBF452E66A7ED00EA7278 /* FirebaseAuth */; };
/* End PBXBuildFile section */

/* Begin PBXContainerItemProxy section */
		06C507E42E6606E8003F1CB7 /* PBXContainerItemProxy */ = {
			isa = PBXContainerItemProxy;
			containerPortal = 06C507CE2E6606E7003F1CB7 /* Project object */;
			proxyType = 1;
			remoteGlobalIDString = 06C507D52E6606E7003F1CB7;
			remoteInfo = aaa;
		};
		06C507EE2E6606E8003F1CB7 /* PBXContainerItemProxy */ = {
			isa = PBXContainerItemProxy;
			containerPortal = 06C507CE2E6606E7003F1CB7 /* Project object */;
			proxyType = 1;
			remoteGlobalIDString = 06C507D52E6606E7003F1CB7;
			remoteInfo = aaa;
		};
/* End PBXContainerItemProxy section */

/* Begin PBXFileReference section */
		06C507D62E6606E7003F1CB7 /* aaa.app */ = {isa = PBXFileReference; explicitFileType = wrapper.application; includeInIndex = 0; path = aaa.app; sourceTree = BUILT_PRODUCTS_DIR; };
		06C507E32E6606E8003F1CB7 /* aaaTests.xctest */ = {isa = PBXFileReference; explicitFileType = wrapper.cfbundle; includeInIndex = 0; path = aaaTests.xctest; sourceTree = BUILT_PRODUCTS_DIR; };
		06C507ED2E6606E8003F1CB7 /* aaaUITests.xctest */ = {isa = PBXFileReference; explicitFileType = wrapper.cfbundle; includeInIndex = 0; path = aaaUITests.xctest; sourceTree = BUILT_PRODUCTS_DIR; };
/* End PBXFileReference section */

/* Begin PBXFileSystemSynchronizedRootGroup section */
		06C507D82E6606E7003F1CB7 /* oureceipt */ = {
			isa = PBXFileSystemSynchronizedRootGroup;
			path = oureceipt;
			sourceTree = "<group>";
		};
		06C507E62E6606E8003F1CB7 /* aaaTests */ = {
			isa = PBXFileSystemSynchronizedRootGroup;
			path = aaaTests;
			sourceTree = "<group>";
		};
		06C507F02E6606E8003F1CB7 /* aaaUITests */ = {
			isa = PBXFileSystemSynchronizedRootGroup;
			path = aaaUITests;
			sourceTree = "<group>";
		};
/* End PBXFileSystemSynchronizedRootGroup section */

/* Begin PBXFrameworksBuildPhase section */
		06C507D32E6606E7003F1CB7 /* Frameworks */ = {
			isa = PBXFrameworksBuildPhase;
			buildActionMask = 2147483647;
			files = (
				069EBF442E66A7ED00EA7278 /* FirebaseAnalytics in Frameworks */,
				069EBF462E66A7ED00EA7278 /* FirebaseAuth in Frameworks */,
				0654B3E62E696F8600E9B000 /* FirebaseFirestore in Frameworks */,
			);
			runOnlyForDeploymentPostprocessing = 0;
		};
		06C507E02E6606E8003F1CB7 /* Frameworks */ = {
			isa = PBXFrameworksBuildPhase;
			buildActionMask = 2147483647;
			files = (
			);
			runOnlyForDeploymentPostprocessing = 0;
		};
		06C507EA2E6606E8003F1CB7 /* Frameworks */ = {
			isa = PBXFrameworksBuildPhase;
			buildActionMask = 2147483647;
			files = (
			);
			runOnlyForDeploymentPostprocessing = 0;
		};
/* End PBXFrameworksBuildPhase section */

/* Begin PBXGroup section */
		06C507CD2E6606E7003F1CB7 = {
			isa = PBXGroup;
			children = (
				06C507D82E6606E7003F1CB7 /* oureceipt */,
				06C507E62E6606E8003F1CB7 /* aaaTests */,
				06C507F02E6606E8003F1CB7 /* aaaUITests */,
				06C507D72E6606E7003F1CB7 /* Products */,
			);
			sourceTree = "<group>";
		};
		06C507D72E6606E7003F1CB7 /* Products */ = {
			isa = PBXGroup;
			children = (
				06C507D62E6606E7003F1CB7 /* aaa.app */,
				06C507E32E6606E8003F1CB7 /* aaaTests.xctest */,
				06C507ED2E6606E8003F1CB7 /* aaaUITests.xctest */,
			);
			name = Products;
			sourceTree = "<group>";
		};
/* End PBXGroup section */

/* Begin PBXNativeTarget section */
		06C507D52E6606E7003F1CB7 /* aaa */ = {
			isa = PBXNativeTarget;
			buildConfigurationList = 06C507F72E6606E8003F1CB7 /* Build configuration list for PBXNativeTarget "aaa" */;
			buildPhases = (
				06C507D22E6606E7003F1CB7 /* Sources */,
				06C507D32E6606E7003F1CB7 /* Frameworks */,
				06C507D42E6606E7003F1CB7 /* Resources */,
			);
			buildRules = (
			);
			dependencies = (
			);
			fileSystemSynchronizedGroups = (
				06C507D82E6606E7003F1CB7 /* oureceipt */,
			);
			name = aaa;
			packageProductDependencies = (
				069EBF432E66A7ED00EA7278 /* FirebaseAnalytics */,
				069EBF452E66A7ED00EA7278 /* FirebaseAuth */,
				0654B3E52E696F8600E9B000 /* FirebaseFirestore */,
			);
			productName = aaa;
			productReference = 06C507D62E6606E7003F1CB7 /* aaa.app */;
			productType = "com.apple.product-type.application";
		};
		06C507E22E6606E8003F1CB7 /* aaaTests */ = {
			isa = PBXNativeTarget;
			buildConfigurationList = 06C507FA2E6606E8003F1CB7 /* Build configuration list for PBXNativeTarget "aaaTests" */;
			buildPhases = (
				06C507DF2E6606E8003F1CB7 /* Sources */,
				06C507E02E6606E8003F1CB7 /* Frameworks */,
				06C507E12E6606E8003F1CB7 /* Resources */,
			);
			buildRules = (
			);
			dependencies = (
				06C507E52E6606E8003F1CB7 /* PBXTargetDependency */,
			);
			fileSystemSynchronizedGroups = (
				06C507E62E6606E8003F1CB7 /* aaaTests */,
			);
			name = aaaTests;
			packageProductDependencies = (
			);
			productName = aaaTests;
			productReference = 06C507E32E6606E8003F1CB7 /* aaaTests.xctest */;
			productType = "com.apple.product-type.bundle.unit-test";
		};
		06C507EC2E6606E8003F1CB7 /* aaaUITests */ = {
			isa = PBXNativeTarget;
			buildConfigurationList = 06C507FD2E6606E8003F1CB7 /* Build configuration list for PBXNativeTarget "aaaUITests" */;
			buildPhases = (
				06C507E92E6606E8003F1CB7 /* Sources */,
				06C507EA2E6606E8003F1CB7 /* Frameworks */,
				06C507EB2E6606E8003F1CB7 /* Resources */,
			);
			buildRules = (
			);
			dependencies = (
				06C507EF2E6606E8003F1CB7 /* PBXTargetDependency */,
			);
			fileSystemSynchronizedGroups = (
				06C507F02E6606E8003F1CB7 /* aaaUITests */,
			);
			name = aaaUITests;
			packageProductDependencies = (
			);
			productName = aaaUITests;
			productReference = 06C507ED2E6606E8003F1CB7 /* aaaUITests.xctest */;
			productType = "com.apple.product-type.bundle.ui-testing";
		};
/* End PBXNativeTarget section */

/* Begin PBXProject section */
		06C507CE2E6606E7003F1CB7 /* Project object */ = {
			isa = PBXProject;
			attributes = {
				BuildIndependentTargetsInParallel = 1;
				LastSwiftUpdateCheck = 1640;
				LastUpgradeCheck = 1640;
				TargetAttributes = {
					06C507D52E6606E7003F1CB7 = {
						CreatedOnToolsVersion = 16.4;
					};
					06C507E22E6606E8003F1CB7 = {
						CreatedOnToolsVersion = 16.4;
						TestTargetID = 06C507D52E6606E7003F1CB7;
					};
					06C507EC2E6606E8003F1CB7 = {
						CreatedOnToolsVersion = 16.4;
						TestTargetID = 06C507D52E6606E7003F1CB7;
					};
				};
			};
			buildConfigurationList = 06C507D12E6606E7003F1CB7 /* Build configuration list for PBXProject "oureceipt" */;
			developmentRegion = en;
			hasScannedForEncodings = 0;
			knownRegions = (
				en,
				Base,
			);
			mainGroup = 06C507CD2E6606E7003F1CB7;
			minimizedProjectReferenceProxies = 1;
			packageReferences = (
				069EBF422E66A7ED00EA7278 /* XCRemoteSwiftPackageReference "firebase-ios-sdk" */,
			);
			preferredProjectObjectVersion = 77;
			productRefGroup = 06C507D72E6606E7003F1CB7 /* Products */;
			projectDirPath = "";
			projectRoot = "";
			targets = (
				06C507D52E6606E7003F1CB7 /* aaa */,
				06C507E22E6606E8003F1CB7 /* aaaTests */,
				06C507EC2E6606E8003F1CB7 /* aaaUITests */,
			);
		};
/* End PBXProject section */

/* Begin PBXResourcesBuildPhase section */
		06C507D42E6606E7003F1CB7 /* Resources */ = {
			isa = PBXResourcesBuildPhase;
			buildActionMask = 2147483647;
			files = (
			);
			runOnlyForDeploymentPostprocessing = 0;
		};
		06C507E12E6606E8003F1CB7 /* Resources */ = {
			isa = PBXResourcesBuildPhase;
			buildActionMask = 2147483647;
			files = (
			);
			runOnlyForDeploymentPostprocessing = 0;
		};
		06C507EB2E6606E8003F1CB7 /* Resources */ = {
			isa = PBXResourcesBuildPhase;
			buildActionMask = 2147483647;
			files = (
			);
			runOnlyForDeploymentPostprocessing = 0;
		};
/* End PBXResourcesBuildPhase section */

/* Begin PBXSourcesBuildPhase section */
		06C507D22E6606E7003F1CB7 /* Sources */ = {
			isa = PBXSourcesBuildPhase;
			buildActionMask = 2147483647;
			files = (
			);
			runOnlyForDeploymentPostprocessing = 0;
		};
		06C507DF2E6606E8003F1CB7 /* Sources */ = {
			isa = PBXSourcesBuildPhase;
			buildActionMask = 2147483647;
			files = (
			);
			runOnlyForDeploymentPostprocessing = 0;
		};
		06C507E92E6606E8003F1CB7 /* Sources */ = {
			isa = PBXSourcesBuildPhase;
			buildActionMask = 2147483647;
			files = (
			);
			runOnlyForDeploymentPostprocessing = 0;
		};
/* End PBXSourcesBuildPhase section */

/* Begin PBXTargetDependency section */
		06C507E52E6606E8003F1CB7 /* PBXTargetDependency */ = {
			isa = PBXTargetDependency;
			target = 06C507D52E6606E7003F1CB7 /* aaa */;
			targetProxy = 06C507E42E6606E8003F1CB7 /* PBXContainerItemProxy */;
		};
		06C507EF2E6606E8003F1CB7 /* PBXTargetDependency */ = {
			isa = PBXTargetDependency;
			target = 06C507D52E6606E7003F1CB7 /* aaa */;
			targetProxy = 06C507EE2E6606E8003F1CB7 /* PBXContainerItemProxy */;
		};
/* End PBXTargetDependency section */

/* Begin XCBuildConfiguration section */
		06C507F52E6606E8003F1CB7 /* Debug */ = {
			isa = XCBuildConfiguration;
			buildSettings = {
				ALWAYS_SEARCH_USER_PATHS = NO;
				ASSETCATALOG_COMPILER_GENERATE_SWIFT_ASSET_SYMBOL_EXTENSIONS = YES;
				CLANG_ANALYZER_NONNULL = YES;
				CLANG_ANALYZER_NUMBER_OBJECT_CONVERSION = YES_AGGRESSIVE;
				CLANG_CXX_LANGUAGE_STANDARD = "gnu++20";
				CLANG_ENABLE_MODULES = YES;
				CLANG_ENABLE_OBJC_ARC = YES;
				CLANG_ENABLE_OBJC_WEAK = YES;
				CLANG_WARN_BLOCK_CAPTURE_AUTORELEASING = YES;
				CLANG_WARN_BOOL_CONVERSION = YES;
				CLANG_WARN_COMMA = YES;
				CLANG_WARN_CONSTANT_CONVERSION = YES;
				CLANG_WARN_DEPRECATED_OBJC_IMPLEMENTATIONS = YES;
				CLANG_WARN_DIRECT_OBJC_ISA_USAGE = YES_ERROR;
				CLANG_WARN_DOCUMENTATION_COMMENTS = YES;
				CLANG_WARN_EMPTY_BODY = YES;
				CLANG_WARN_ENUM_CONVERSION = YES;
				CLANG_WARN_INFINITE_RECURSION = YES;
				CLANG_WARN_INT_CONVERSION = YES;
				CLANG_WARN_NON_LITERAL_NULL_CONVERSION = YES;
				CLANG_WARN_OBJC_IMPLICIT_RETAIN_SELF = YES;
				CLANG_WARN_OBJC_LITERAL_CONVERSION = YES;
				CLANG_WARN_OBJC_ROOT_CLASS = YES_ERROR;
				CLANG_WARN_QUOTED_INCLUDE_IN_FRAMEWORK_HEADER = YES;
				CLANG_WARN_RANGE_LOOP_ANALYSIS = YES;
				CLANG_WARN_STRICT_PROTOTYPES = YES;
				CLANG_WARN_SUSPICIOUS_MOVE = YES;
				CLANG_WARN_UNGUARDED_AVAILABILITY = YES_AGGRESSIVE;
				CLANG_WARN_UNREACHABLE_CODE = YES;
				CLANG_WARN__DUPLICATE_METHOD_MATCH = YES;
				COPY_PHASE_STRIP = NO;
				DEBUG_INFORMATION_FORMAT = dwarf;
				ENABLE_STRICT_OBJC_MSGSEND = YES;
				ENABLE_TESTABILITY = YES;
				ENABLE_USER_SCRIPT_SANDBOXING = YES;
				GCC_C_LANGUAGE_STANDARD = gnu17;
				GCC_DYNAMIC_NO_PIC = NO;
				GCC_NO_COMMON_BLOCKS = YES;
				GCC_OPTIMIZATION_LEVEL = 0;
				GCC_PREPROCESSOR_DEFINITIONS = (
					"DEBUG=1",
					"$(inherited)",
				);
				GCC_WARN_64_TO_32_BIT_CONVERSION = YES;
				GCC_WARN_ABOUT_RETURN_TYPE = YES_ERROR;
				GCC_WARN_UNDECLARED_SELECTOR = YES;
				GCC_WARN_UNINITIALIZED_AUTOS = YES_AGGRESSIVE;
				GCC_WARN_UNUSED_FUNCTION = YES;
				GCC_WARN_UNUSED_VARIABLE = YES;
				IPHONEOS_DEPLOYMENT_TARGET = 18.5;
				LOCALIZATION_PREFERS_STRING_CATALOGS = YES;
				MTL_ENABLE_DEBUG_INFO = INCLUDE_SOURCE;
				MTL_FAST_MATH = YES;
				ONLY_ACTIVE_ARCH = YES;
				SDKROOT = iphoneos;
				SWIFT_ACTIVE_COMPILATION_CONDITIONS = "DEBUG $(inherited)";
				SWIFT_OPTIMIZATION_LEVEL = "-Onone";
			};
			name = Debug;
		};
		06C507F62E6606E8003F1CB7 /* Release */ = {
			isa = XCBuildConfiguration;
			buildSettings = {
				ALWAYS_SEARCH_USER_PATHS = NO;
				ASSETCATALOG_COMPILER_GENERATE_SWIFT_ASSET_SYMBOL_EXTENSIONS = YES;
				CLANG_ANALYZER_NONNULL = YES;
				CLANG_ANALYZER_NUMBER_OBJECT_CONVERSION = YES_AGGRESSIVE;
				CLANG_CXX_LANGUAGE_STANDARD = "gnu++20";
				CLANG_ENABLE_MODULES = YES;
				CLANG_ENABLE_OBJC_ARC = YES;
				CLANG_ENABLE_OBJC_WEAK = YES;
				CLANG_WARN_BLOCK_CAPTURE_AUTORELEASING = YES;
				CLANG_WARN_BOOL_CONVERSION = YES;
				CLANG_WARN_COMMA = YES;
				CLANG_WARN_CONSTANT_CONVERSION = YES;
				CLANG_WARN_DEPRECATED_OBJC_IMPLEMENTATIONS = YES;
				CLANG_WARN_DIRECT_OBJC_ISA_USAGE = YES_ERROR;
				CLANG_WARN_DOCUMENTATION_COMMENTS = YES;
				CLANG_WARN_EMPTY_BODY = YES;
				CLANG_WARN_ENUM_CONVERSION = YES;
				CLANG_WARN_INFINITE_RECURSION = YES;
				CLANG_WARN_INT_CONVERSION = YES;
				CLANG_WARN_NON_LITERAL_NULL_CONVERSION = YES;
				CLANG_WARN_OBJC_IMPLICIT_RETAIN_SELF = YES;
				CLANG_WARN_OBJC_LITERAL_CONVERSION = YES;
				CLANG_WARN_OBJC_ROOT_CLASS = YES_ERROR;
				CLANG_WARN_QUOTED_INCLUDE_IN_FRAMEWORK_HEADER = YES;
				CLANG_WARN_RANGE_LOOP_ANALYSIS = YES;
				CLANG_WARN_STRICT_PROTOTYPES = YES;
				CLANG_WARN_SUSPICIOUS_MOVE = YES;
				CLANG_WARN_UNGUARDED_AVAILABILITY = YES_AGGRESSIVE;
				CLANG_WARN_UNREACHABLE_CODE = YES;
				CLANG_WARN__DUPLICATE_METHOD_MATCH = YES;
				COPY_PHASE_STRIP = NO;
				DEBUG_INFORMATION_FORMAT = "dwarf-with-dsym";
				ENABLE_NS_ASSERTIONS = NO;
				ENABLE_STRICT_OBJC_MSGSEND = YES;
				ENABLE_USER_SCRIPT_SANDBOXING = YES;
				GCC_C_LANGUAGE_STANDARD = gnu17;
				GCC_NO_COMMON_BLOCKS = YES;
				GCC_WARN_64_TO_32_BIT_CONVERSION = YES;
				GCC_WARN_ABOUT_RETURN_TYPE = YES_ERROR;
				GCC_WARN_UNDECLARED_SELECTOR = YES;
				GCC_WARN_UNINITIALIZED_AUTOS = YES_AGGRESSIVE;
				GCC_WARN_UNUSED_FUNCTION = YES;
				GCC_WARN_UNUSED_VARIABLE = YES;
				IPHONEOS_DEPLOYMENT_TARGET = 18.5;
				LOCALIZATION_PREFERS_STRING_CATALOGS = YES;
				MTL_ENABLE_DEBUG_INFO = NO;
				MTL_FAST_MATH = YES;
				SDKROOT = iphoneos;
				SWIFT_COMPILATION_MODE = wholemodule;
				VALIDATE_PRODUCT = YES;
			};
			name = Release;
		};
		06C507F82E6606E8003F1CB7 /* Debug */ = {
			isa = XCBuildConfiguration;
			buildSettings = {
				ASSETCATALOG_COMPILER_APPICON_NAME = AppIcon;
				ASSETCATALOG_COMPILER_GLOBAL_ACCENT_COLOR_NAME = AccentColor;
				CODE_SIGN_STYLE = Automatic;
				CURRENT_PROJECT_VERSION = 1;
				DEVELOPMENT_TEAM = 4MDLNCJLSZ;
				ENABLE_PREVIEWS = YES;
				GENERATE_INFOPLIST_FILE = YES;
				INFOPLIST_KEY_CFBundleDisplayName = "Our Receipt ";
				INFOPLIST_KEY_NSCameraUsageDescription = "We nedd your camera";
				INFOPLIST_KEY_NSLocationWhenInUseUsageDescription = "We need your location to show stores on the map";
				INFOPLIST_KEY_UIApplicationSceneManifest_Generation = YES;
				INFOPLIST_KEY_UIApplicationSupportsIndirectInputEvents = YES;
				INFOPLIST_KEY_UILaunchScreen_Generation = YES;
				INFOPLIST_KEY_UISupportedInterfaceOrientations_iPad = "UIInterfaceOrientationPortrait UIInterfaceOrientationPortraitUpsideDown UIInterfaceOrientationLandscapeLeft UIInterfaceOrientationLandscapeRight";
				INFOPLIST_KEY_UISupportedInterfaceOrientations_iPhone = "UIInterfaceOrientationPortrait UIInterfaceOrientationLandscapeLeft UIInterfaceOrientationLandscapeRight";
				LD_RUNPATH_SEARCH_PATHS = (
					"$(inherited)",
					"@executable_path/Frameworks",
				);
				MARKETING_VERSION = 1.0;
				PRODUCT_BUNDLE_IDENTIFIER = Naitik.jainaaa;
				PRODUCT_NAME = "$(TARGET_NAME)";
				SWIFT_EMIT_LOC_STRINGS = YES;
				SWIFT_VERSION = 5.0;
				TARGETED_DEVICE_FAMILY = "1,2";
			};
			name = Debug;
		};
		06C507F92E6606E8003F1CB7 /* Release */ = {
			isa = XCBuildConfiguration;
			buildSettings = {
				ASSETCATALOG_COMPILER_APPICON_NAME = AppIcon;
				ASSETCATALOG_COMPILER_GLOBAL_ACCENT_COLOR_NAME = AccentColor;
				CODE_SIGN_STYLE = Automatic;
				CURRENT_PROJECT_VERSION = 1;
				DEVELOPMENT_TEAM = 4MDLNCJLSZ;
				ENABLE_PREVIEWS = YES;
				GENERATE_INFOPLIST_FILE = YES;
				INFOPLIST_KEY_CFBundleDisplayName = "Our Receipt ";
				INFOPLIST_KEY_NSCameraUsageDescription = "We nedd your camera";
				INFOPLIST_KEY_NSLocationWhenInUseUsageDescription = "We need your location to show stores on the map";
				INFOPLIST_KEY_UIApplicationSceneManifest_Generation = YES;
				INFOPLIST_KEY_UIApplicationSupportsIndirectInputEvents = YES;
				INFOPLIST_KEY_UILaunchScreen_Generation = YES;
				INFOPLIST_KEY_UISupportedInterfaceOrientations_iPad = "UIInterfaceOrientationPortrait UIInterfaceOrientationPortraitUpsideDown UIInterfaceOrientationLandscapeLeft UIInterfaceOrientationLandscapeRight";
				INFOPLIST_KEY_UISupportedInterfaceOrientations_iPhone = "UIInterfaceOrientationPortrait UIInterfaceOrientationLandscapeLeft UIInterfaceOrientationLandscapeRight";
				LD_RUNPATH_SEARCH_PATHS = (
					"$(inherited)",
					"@executable_path/Frameworks",
				);
				MARKETING_VERSION = 1.0;
				PRODUCT_BUNDLE_IDENTIFIER = Naitik.jainaaa;
				PRODUCT_NAME = "$(TARGET_NAME)";
				SWIFT_EMIT_LOC_STRINGS = YES;
				SWIFT_VERSION = 5.0;
				TARGETED_DEVICE_FAMILY = "1,2";
			};
			name = Release;
		};
		06C507FB2E6606E8003F1CB7 /* Debug */ = {
			isa = XCBuildConfiguration;
			buildSettings = {
				BUNDLE_LOADER = "$(TEST_HOST)";
				CODE_SIGN_STYLE = Automatic;
				CURRENT_PROJECT_VERSION = 1;
				GENERATE_INFOPLIST_FILE = YES;
				IPHONEOS_DEPLOYMENT_TARGET = 18.5;
				MARKETING_VERSION = 1.0;
				PRODUCT_BUNDLE_IDENTIFIER = name11.aaaTests;
				PRODUCT_NAME = "$(TARGET_NAME)";
				SWIFT_EMIT_LOC_STRINGS = NO;
				SWIFT_VERSION = 5.0;
				TARGETED_DEVICE_FAMILY = "1,2";
				TEST_HOST = "$(BUILT_PRODUCTS_DIR)/aaa.app/$(BUNDLE_EXECUTABLE_FOLDER_PATH)/aaa";
			};
			name = Debug;
		};
		06C507FC2E6606E8003F1CB7 /* Release */ = {
			isa = XCBuildConfiguration;
			buildSettings = {
				BUNDLE_LOADER = "$(TEST_HOST)";
				CODE_SIGN_STYLE = Automatic;
				CURRENT_PROJECT_VERSION = 1;
				GENERATE_INFOPLIST_FILE = YES;
				IPHONEOS_DEPLOYMENT_TARGET = 18.5;
				MARKETING_VERSION = 1.0;
				PRODUCT_BUNDLE_IDENTIFIER = name11.aaaTests;
				PRODUCT_NAME = "$(TARGET_NAME)";
				SWIFT_EMIT_LOC_STRINGS = NO;
				SWIFT_VERSION = 5.0;
				TARGETED_DEVICE_FAMILY = "1,2";
				TEST_HOST = "$(BUILT_PRODUCTS_DIR)/aaa.app/$(BUNDLE_EXECUTABLE_FOLDER_PATH)/aaa";
			};
			name = Release;
		};
		06C507FE2E6606E8003F1CB7 /* Debug */ = {
			isa = XCBuildConfiguration;
			buildSettings = {
				CODE_SIGN_STYLE = Automatic;
				CURRENT_PROJECT_VERSION = 1;
				GENERATE_INFOPLIST_FILE = YES;
				MARKETING_VERSION = 1.0;
				PRODUCT_BUNDLE_IDENTIFIER = name11.aaaUITests;
				PRODUCT_NAME = "$(TARGET_NAME)";
				SWIFT_EMIT_LOC_STRINGS = NO;
				SWIFT_VERSION = 5.0;
				TARGETED_DEVICE_FAMILY = "1,2";
				TEST_TARGET_NAME = aaa;
			};
			name = Debug;
		};
		06C507FF2E6606E8003F1CB7 /* Release */ = {
			isa = XCBuildConfiguration;
			buildSettings = {
				CODE_SIGN_STYLE = Automatic;
				CURRENT_PROJECT_VERSION = 1;
				GENERATE_INFOPLIST_FILE = YES;
				MARKETING_VERSION = 1.0;
				PRODUCT_BUNDLE_IDENTIFIER = name11.aaaUITests;
				PRODUCT_NAME = "$(TARGET_NAME)";
				SWIFT_EMIT_LOC_STRINGS = NO;
				SWIFT_VERSION = 5.0;
				TARGETED_DEVICE_FAMILY = "1,2";
				TEST_TARGET_NAME = aaa;
			};
			name = Release;
		};
/* End XCBuildConfiguration section */

/* Begin XCConfigurationList section */
		06C507D12E6606E7003F1CB7 /* Build configuration list for PBXProject "oureceipt" */ = {
			isa = XCConfigurationList;
			buildConfigurations = (
				06C507F52E6606E8003F1CB7 /* Debug */,
				06C507F62E6606E8003F1CB7 /* Release */,
			);
			defaultConfigurationIsVisible = 0;
			defaultConfigurationName = Release;
		};
		06C507F72E6606E8003F1CB7 /* Build configuration list for PBXNativeTarget "aaa" */ = {
			isa = XCConfigurationList;
			buildConfigurations = (
				06C507F82E6606E8003F1CB7 /* Debug */,
				06C507F92E6606E8003F1CB7 /* Release */,
			);
			defaultConfigurationIsVisible = 0;
			defaultConfigurationName = Release;
		};
		06C507FA2E6606E8003F1CB7 /* Build configuration list for PBXNativeTarget "aaaTests" */ = {
			isa = XCConfigurationList;
			buildConfigurations = (
				06C507FB2E6606E8003F1CB7 /* Debug */,
				06C507FC2E6606E8003F1CB7 /* Release */,
			);
			defaultConfigurationIsVisible = 0;
			defaultConfigurationName = Release;
		};
		06C507FD2E6606E8003F1CB7 /* Build configuration list for PBXNativeTarget "aaaUITests" */ = {
			isa = XCConfigurationList;
			buildConfigurations = (
				06C507FE2E6606E8003F1CB7 /* Debug */,
				06C507FF2E6606E8003F1CB7 /* Release */,
			);
			defaultConfigurationIsVisible = 0;
			defaultConfigurationName = Release;
		};
/* End XCConfigurationList section */

/* Begin XCRemoteSwiftPackageReference section */
		069EBF422E66A7ED00EA7278 /* XCRemoteSwiftPackageReference "firebase-ios-sdk" */ = {
			isa = XCRemoteSwiftPackageReference;
			repositoryURL = "https://github.com/firebase/firebase-ios-sdk.git";
			requirement = {
				kind = upToNextMajorVersion;
				minimumVersion = 12.2.0;
			};
		};
/* End XCRemoteSwiftPackageReference section */

/* Begin XCSwiftPackageProductDependency section */
		0654B3E52E696F8600E9B000 /* FirebaseFirestore */ = {
			isa = XCSwiftPackageProductDependency;
			package = 069EBF422E66A7ED00EA7278 /* XCRemoteSwiftPackageReference "firebase-ios-sdk" */;
			productName = FirebaseFirestore;
		};
		069EBF432E66A7ED00EA7278 /* FirebaseAnalytics */ = {
			isa = XCSwiftPackageProductDependency;
			package = 069EBF422E66A7ED00EA7278 /* XCRemoteSwiftPackageReference "firebase-ios-sdk" */;
			productName = FirebaseAnalytics;
		};
		069EBF452E66A7ED00EA7278 /* FirebaseAuth */ = {
			isa = XCSwiftPackageProductDependency;
			package = 069EBF422E66A7ED00EA7278 /* XCRemoteSwiftPackageReference "firebase-ios-sdk" */;
			productName = FirebaseAuth;
		};
/* End XCSwiftPackageProductDependency section */
	};
	rootObject = 06C507CE2E6606E7003F1CB7 /* Project object */;
}
